
Microsoft Visual Studio Solution File, Format Version 12.00
# Visual Studio Version 16
VisualStudioVersion = 16.0.31424.327
MinimumVisualStudioVersion = 10.0.40219.1
Project("{9A19103F-16F7-4668-BE54-9A1E7A4F7556}") = "4ZsoftwareCompanyWebsite", "4ZsoftwareCompanyWebsite\4ZsoftwareCompanyWebsite.csproj", "{C5541899-9079-487D-8F40-E6DE66701421}"
EndProject
Project("{9A19103F-16F7-4668-BE54-9A1E7A4F7556}") = "Domain", "Domain\Domain.csproj", "{A4E3B47B-B088-4AE3-9F92-17CDCE569C54}"
EndProject
Project("{9A19103F-16F7-4668-BE54-9A1E7A4F7556}") = "BL", "BL\BL.csproj", "{291D40E8-74A8-46C4-BDCC-0322214903E4}"
EndProject
Project("{FAE04EC0-301F-11D3-BF4B-00C04F79EFBC}") = "EmailServices", "EmailServices\EmailServices.csproj", "{CF551FFF-C97E-408C-89E1-A8DDE076D0D0}"
EndProject
Global
	GlobalSection(SolutionConfigurationPlatforms) = preSolution
		Debug|Any CPU = Debug|Any CPU
		Release|Any CPU = Release|Any CPU
	EndGlobalSection
	GlobalSection(ProjectConfigurationPlatforms) = postSolution
		{C5541899-9079-487D-8F40-E6DE66701421}.Debug|Any CPU.ActiveCfg = Debug|Any CPU
		{C5541899-9079-487D-8F40-E6DE66701421}.Debug|Any CPU.Build.0 = Debug|Any CPU
		{C5541899-9079-487D-8F40-E6DE66701421}.Release|Any CPU.ActiveCfg = Release|Any CPU
		{C5541899-9079-487D-8F40-E6DE66701421}.Release|Any CPU.Build.0 = Release|Any CPU
		{A4E3B47B-B088-4AE3-9F92-17CDCE569C54}.Debug|Any CPU.ActiveCfg = Debug|Any CPU
		{A4E3B47B-B088-4AE3-9F92-17CDCE569C54}.Debug|Any CPU.Build.0 = Debug|Any CPU
		{A4E3B47B-B088-4AE3-9F92-17CDCE569C54}.Release|Any CPU.ActiveCfg = Release|Any CPU
		{A4E3B47B-B088-4AE3-9F92-17CDCE569C54}.Release|Any CPU.Build.0 = Release|Any CPU
		{291D40E8-74A8-46C4-BDCC-0322214903E4}.Debug|Any CPU.ActiveCfg = Debug|Any CPU
		{291D40E8-74A8-46C4-BDCC-0322214903E4}.Debug|Any CPU.Build.0 = Debug|Any CPU
		{291D40E8-74A8-46C4-BDCC-0322214903E4}.Release|Any CPU.ActiveCfg = Release|Any CPU
		{291D40E8-74A8-46C4-BDCC-0322214903E4}.Release|Any CPU.Build.0 = Release|Any CPU
		{CF551FFF-C97E-408C-89E1-A8DDE076D0D0}.Debug|Any CPU.ActiveCfg = Debug|Any CPU
		{CF551FFF-C97E-408C-89E1-A8DDE076D0D0}.Debug|Any CPU.Build.0 = Debug|Any CPU
		{CF551FFF-C97E-408C-89E1-A8DDE076D0D0}.Release|Any CPU.ActiveCfg = Release|Any CPU
		{CF551FFF-C97E-408C-89E1-A8DDE076D0D0}.Release|Any CPU.Build.0 = Release|Any CPU
	EndGlobalSection
	GlobalSection(SolutionProperties) = preSolution
		HideSolutionNode = FALSE
	EndGlobalSection
	GlobalSection(ExtensibilityGlobals) = postSolution
		SolutionGuid = {4B085EED-A440-4C4F-A253-F4FA4E348E10}
	EndGlobalSection
EndGlobal
